
Microsoft Visual Studio Solution File, Format Version 12.00
# Visual Studio 15
Project("{FAE04EC0-301F-11D3-BF4B-00C04F79EFBC}") = "XamarindotNETExample.Android", "XamarindotNETExample.Android\XamarindotNETExample.Android.csproj", "{654E846E-99C9-4346-AED0-CC6844F0966A}"
EndProject
Project("{FAE04EC0-301F-11D3-BF4B-00C04F79EFBC}") = "XamarindotNETExample.iOS", "XamarindotNETExample.iOS\XamarindotNETExample.iOS.csproj", "{075BAC4C-3BCB-4B7A-BA9F-4CD5D4908F54}"
EndProject
Project("{FAE04EC0-301F-11D3-BF4B-00C04F79EFBC}") = "XamarindotNETExample", "XamarindotNETExample\XamarindotNETExample.csproj", "{0A87C70C-F1B8-467E-82C8-7BCE201294BE}"
EndProject
Global
	GlobalSection(SolutionConfigurationPlatforms) = preSolution
		Debug|Any CPU = Debug|Any CPU
		Release|Any CPU = Release|Any CPU
		Debug|iPhoneSimulator = Debug|iPhoneSimulator
		Release|iPhoneSimulator = Release|iPhoneSimulator
		Debug|iPhone = Debug|iPhone
		Release|iPhone = Release|iPhone
	EndGlobalSection
	GlobalSection(ProjectConfigurationPlatforms) = postSolution
		{654E846E-99C9-4346-AED0-CC6844F0966A}.Debug|Any CPU.ActiveCfg = Debug|Any CPU
		{654E846E-99C9-4346-AED0-CC6844F0966A}.Debug|Any CPU.Build.0 = Debug|Any CPU
		{654E846E-99C9-4346-AED0-CC6844F0966A}.Release|Any CPU.ActiveCfg = Release|Any CPU
		{654E846E-99C9-4346-AED0-CC6844F0966A}.Release|Any CPU.Build.0 = Release|Any CPU
		{654E846E-99C9-4346-AED0-CC6844F0966A}.Debug|iPhoneSimulator.ActiveCfg = Debug|Any CPU
		{654E846E-99C9-4346-AED0-CC6844F0966A}.Debug|iPhoneSimulator.Build.0 = Debug|Any CPU
		{654E846E-99C9-4346-AED0-CC6844F0966A}.Release|iPhoneSimulator.ActiveCfg = Release|Any CPU
		{654E846E-99C9-4346-AED0-CC6844F0966A}.Release|iPhoneSimulator.Build.0 = Release|Any CPU
		{654E846E-99C9-4346-AED0-CC6844F0966A}.Debug|iPhone.ActiveCfg = Debug|Any CPU
		{654E846E-99C9-4346-AED0-CC6844F0966A}.Debug|iPhone.Build.0 = Debug|Any CPU
		{654E846E-99C9-4346-AED0-CC6844F0966A}.Release|iPhone.ActiveCfg = Release|Any CPU
		{654E846E-99C9-4346-AED0-CC6844F0966A}.Release|iPhone.Build.0 = Release|Any CPU
		{075BAC4C-3BCB-4B7A-BA9F-4CD5D4908F54}.Debug|Any CPU.ActiveCfg = Debug|iPhoneSimulator
		{075BAC4C-3BCB-4B7A-BA9F-4CD5D4908F54}.Debug|Any CPU.Build.0 = Debug|iPhoneSimulator
		{075BAC4C-3BCB-4B7A-BA9F-4CD5D4908F54}.Release|Any CPU.ActiveCfg = Release|iPhoneSimulator
		{075BAC4C-3BCB-4B7A-BA9F-4CD5D4908F54}.Release|Any CPU.Build.0 = Release|iPhoneSimulator
		{075BAC4C-3BCB-4B7A-BA9F-4CD5D4908F54}.Debug|iPhoneSimulator.ActiveCfg = Debug|iPhoneSimulator
		{075BAC4C-3BCB-4B7A-BA9F-4CD5D4908F54}.Debug|iPhoneSimulator.Build.0 = Debug|iPhoneSimulator
		{075BAC4C-3BCB-4B7A-BA9F-4CD5D4908F54}.Release|iPhoneSimulator.ActiveCfg = Release|iPhoneSimulator
		{075BAC4C-3BCB-4B7A-BA9F-4CD5D4908F54}.Release|iPhoneSimulator.Build.0 = Release|iPhoneSimulator
		{075BAC4C-3BCB-4B7A-BA9F-4CD5D4908F54}.Debug|iPhone.ActiveCfg = Debug|iPhone
		{075BAC4C-3BCB-4B7A-BA9F-4CD5D4908F54}.Debug|iPhone.Build.0 = Debug|iPhone
		{075BAC4C-3BCB-4B7A-BA9F-4CD5D4908F54}.Release|iPhone.ActiveCfg = Release|iPhone
		{075BAC4C-3BCB-4B7A-BA9F-4CD5D4908F54}.Release|iPhone.Build.0 = Release|iPhone
		{0A87C70C-F1B8-467E-82C8-7BCE201294BE}.Debug|Any CPU.ActiveCfg = Debug|Any CPU
		{0A87C70C-F1B8-467E-82C8-7BCE201294BE}.Debug|Any CPU.Build.0 = Debug|Any CPU
		{0A87C70C-F1B8-467E-82C8-7BCE201294BE}.Release|Any CPU.ActiveCfg = Release|Any CPU
		{0A87C70C-F1B8-467E-82C8-7BCE201294BE}.Release|Any CPU.Build.0 = Release|Any CPU
		{0A87C70C-F1B8-467E-82C8-7BCE201294BE}.Debug|iPhoneSimulator.ActiveCfg = Debug|Any CPU
		{0A87C70C-F1B8-467E-82C8-7BCE201294BE}.Debug|iPhoneSimulator.Build.0 = Debug|Any CPU
		{0A87C70C-F1B8-467E-82C8-7BCE201294BE}.Release|iPhoneSimulator.ActiveCfg = Release|Any CPU
		{0A87C70C-F1B8-467E-82C8-7BCE201294BE}.Release|iPhoneSimulator.Build.0 = Release|Any CPU
		{0A87C70C-F1B8-467E-82C8-7BCE201294BE}.Debug|iPhone.ActiveCfg = Debug|Any CPU
		{0A87C70C-F1B8-467E-82C8-7BCE201294BE}.Debug|iPhone.Build.0 = Debug|Any CPU
		{0A87C70C-F1B8-467E-82C8-7BCE201294BE}.Release|iPhone.ActiveCfg = Release|Any CPU
		{0A87C70C-F1B8-467E-82C8-7BCE201294BE}.Release|iPhone.Build.0 = Release|Any CPU
	EndGlobalSection
EndGlobal
